PODS:
  - Flutter (1.0.0)
  - flutter_volume (0.0.1):
    - Flutter

DEPENDENCIES:
  - Flutter (from `Flutter`)
  - flutter_volume (from `.symlinks/plugins/flutter_volume/ios`)

EXTERNAL SOURCES:
  Flutter:
    :path: Flutter
  flutter_volume:
    :path: ".symlinks/plugins/flutter_volume/ios"

SPEC CHECKSUMS:
  Flutter: 0e3d915762c693b495b44d77113d4970485de6ec
  flutter_volume: 48dfeb7ef0be59a2cedee54f975fc65af533cc04

PODFILE CHECKSUM: aafe91acc616949ddb318b77800a7f51bffa2a4c

COCOAPODS: 1.10.1
